
Microsoft Visual Studio Solution File, Format Version 12.00
# Visual Studio Version 17
VisualStudioVersion = 17.4.33110.190
MinimumVisualStudioVersion = 10.0.40219.1
Project("{FAE04EC0-301F-11D3-BF4B-00C04F79EFBC}") = "SalesOrderManager.Server", "SalesOrderManager\Server\SalesOrderManager.Server.csproj", "{35F00EBB-038C-4C42-8DAF-3C173E917630}"
EndProject
Project("{FAE04EC0-301F-11D3-BF4B-00C04F79EFBC}") = "SalesOrderManager.Client", "SalesOrderManager\Client\SalesOrderManager.Client.csproj", "{CF88E821-C0EF-44E1-818D-C239E1FA7350}"
EndProject
Project("{FAE04EC0-301F-11D3-BF4B-00C04F79EFBC}") = "SalesOrderManager.Shared", "SalesOrderManager\Shared\SalesOrderManager.Shared.csproj", "{1BD035BA-A868-4D4F-88B6-3B54BF12D541}"
EndProject
Global
	GlobalSection(SolutionConfigurationPlatforms) = preSolution
		Debug|Any CPU = Debug|Any CPU
		Release|Any CPU = Release|Any CPU
	EndGlobalSection
	GlobalSection(ProjectConfigurationPlatforms) = postSolution
		{35F00EBB-038C-4C42-8DAF-3C173E917630}.Debug|Any CPU.ActiveCfg = Debug|Any CPU
		{35F00EBB-038C-4C42-8DAF-3C173E917630}.Debug|Any CPU.Build.0 = Debug|Any CPU
		{35F00EBB-038C-4C42-8DAF-3C173E917630}.Release|Any CPU.ActiveCfg = Release|Any CPU
		{35F00EBB-038C-4C42-8DAF-3C173E917630}.Release|Any CPU.Build.0 = Release|Any CPU
		{CF88E821-C0EF-44E1-818D-C239E1FA7350}.Debug|Any CPU.ActiveCfg = Debug|Any CPU
		{CF88E821-C0EF-44E1-818D-C239E1FA7350}.Debug|Any CPU.Build.0 = Debug|Any CPU
		{CF88E821-C0EF-44E1-818D-C239E1FA7350}.Release|Any CPU.ActiveCfg = Release|Any CPU
		{CF88E821-C0EF-44E1-818D-C239E1FA7350}.Release|Any CPU.Build.0 = Release|Any CPU
		{1BD035BA-A868-4D4F-88B6-3B54BF12D541}.Debug|Any CPU.ActiveCfg = Debug|Any CPU
		{1BD035BA-A868-4D4F-88B6-3B54BF12D541}.Debug|Any CPU.Build.0 = Debug|Any CPU
		{1BD035BA-A868-4D4F-88B6-3B54BF12D541}.Release|Any CPU.ActiveCfg = Release|Any CPU
		{1BD035BA-A868-4D4F-88B6-3B54BF12D541}.Release|Any CPU.Build.0 = Release|Any CPU
	EndGlobalSection
	GlobalSection(SolutionProperties) = preSolution
		HideSolutionNode = FALSE
	EndGlobalSection
	GlobalSection(ExtensibilityGlobals) = postSolution
		SolutionGuid = {2251FF5E-F943-491E-B349-65F69872E37A}
	EndGlobalSection
EndGlobal
